
Microsoft Visual Studio Solution File, Format Version 12.00
# Visual Studio Version 17
VisualStudioVersion = 17.13.35913.81 d17.13
MinimumVisualStudioVersion = 10.0.40219.1
Project("{FAE04EC0-301F-11D3-BF4B-00C04F79EFBC}") = "BaitapTuan5_TrinhThaoMinh", "BaitapTuan5_TrinhThaoMinh\BaitapTuan5_TrinhThaoMinh.csproj", "{064210DA-6788-4E34-BE58-5F1ECAF6A0B4}"
EndProject
Global
	GlobalSection(SolutionConfigurationPlatforms) = preSolution
		Debug|Any CPU = Debug|Any CPU
		Release|Any CPU = Release|Any CPU
	EndGlobalSection
	GlobalSection(ProjectConfigurationPlatforms) = postSolution
		{064210DA-6788-4E34-BE58-5F1ECAF6A0B4}.Debug|Any CPU.ActiveCfg = Debug|Any CPU
		{064210DA-6788-4E34-BE58-5F1ECAF6A0B4}.Debug|Any CPU.Build.0 = Debug|Any CPU
		{064210DA-6788-4E34-BE58-5F1ECAF6A0B4}.Release|Any CPU.ActiveCfg = Release|Any CPU
		{064210DA-6788-4E34-BE58-5F1ECAF6A0B4}.Release|Any CPU.Build.0 = Release|Any CPU
	EndGlobalSection
	GlobalSection(SolutionProperties) = preSolution
		HideSolutionNode = FALSE
	EndGlobalSection
	GlobalSection(ExtensibilityGlobals) = postSolution
		SolutionGuid = {FA9B135D-3898-4EA2-AEA3-7A9B8BD09631}
	EndGlobalSection
EndGlobal
