
Microsoft Visual Studio Solution File, Format Version 12.00
# Visual Studio Version 17
VisualStudioVersion = 17.13.35913.81
MinimumVisualStudioVersion = 10.0.40219.1
Project("{FAE04EC0-301F-11D3-BF4B-00C04F79EFBC}") = "Module2BaiSo1_TrinhThaoMinh", "Module2BaiSo1_TrinhThaoMinh\Module2BaiSo1_TrinhThaoMinh.csproj", "{FC9F0764-8F7C-408E-A935-6F356501BB50}"
EndProject
Project("{FAE04EC0-301F-11D3-BF4B-00C04F79EFBC}") = "Module2BaiSo2_TrinhThaoMinh", "Module2BaiSo2_TrinhThaoMinh\Module2BaiSo2_TrinhThaoMinh.csproj", "{8B0FE038-8AB3-41CC-92E3-AFE7AAE5B403}"
EndProject
Project("{FAE04EC0-301F-11D3-BF4B-00C04F79EFBC}") = "Module2BaiSo3_TrinhThaoMinh", "Module2BaiSo3_TrinhThaoMinh\Module2BaiSo3_TrinhThaoMinh.csproj", "{9C6E7C1F-7D51-4E74-8203-832EDFF965FA}"
EndProject
Project("{FAE04EC0-301F-11D3-BF4B-00C04F79EFBC}") = "Module2BaiSo4_TrinhThaoMinh", "Module2BaiSo4_TrinhThaoMinh\Module2BaiSo4_TrinhThaoMinh.csproj", "{5D6E0905-56BC-43BF-B3AB-449C2CE48C15}"
EndProject
Project("{FAE04EC0-301F-11D3-BF4B-00C04F79EFBC}") = "Module2BaiSo5_TrinhThaoMinh", "Module2BaiSo5_TrinhThaoMinh\Module2BaiSo5_TrinhThaoMinh.csproj", "{7FC97347-CEFB-4F03-8B47-168F8EABCDBB}"
EndProject
Global
	GlobalSection(SolutionConfigurationPlatforms) = preSolution
		Debug|Any CPU = Debug|Any CPU
		Release|Any CPU = Release|Any CPU
	EndGlobalSection
	GlobalSection(ProjectConfigurationPlatforms) = postSolution
		{FC9F0764-8F7C-408E-A935-6F356501BB50}.Debug|Any CPU.ActiveCfg = Debug|Any CPU
		{FC9F0764-8F7C-408E-A935-6F356501BB50}.Debug|Any CPU.Build.0 = Debug|Any CPU
		{FC9F0764-8F7C-408E-A935-6F356501BB50}.Release|Any CPU.ActiveCfg = Release|Any CPU
		{FC9F0764-8F7C-408E-A935-6F356501BB50}.Release|Any CPU.Build.0 = Release|Any CPU
		{8B0FE038-8AB3-41CC-92E3-AFE7AAE5B403}.Debug|Any CPU.ActiveCfg = Debug|Any CPU
		{8B0FE038-8AB3-41CC-92E3-AFE7AAE5B403}.Debug|Any CPU.Build.0 = Debug|Any CPU
		{8B0FE038-8AB3-41CC-92E3-AFE7AAE5B403}.Release|Any CPU.ActiveCfg = Release|Any CPU
		{8B0FE038-8AB3-41CC-92E3-AFE7AAE5B403}.Release|Any CPU.Build.0 = Release|Any CPU
		{9C6E7C1F-7D51-4E74-8203-832EDFF965FA}.Debug|Any CPU.ActiveCfg = Debug|Any CPU
		{9C6E7C1F-7D51-4E74-8203-832EDFF965FA}.Debug|Any CPU.Build.0 = Debug|Any CPU
		{9C6E7C1F-7D51-4E74-8203-832EDFF965FA}.Release|Any CPU.ActiveCfg = Release|Any CPU
		{9C6E7C1F-7D51-4E74-8203-832EDFF965FA}.Release|Any CPU.Build.0 = Release|Any CPU
		{5D6E0905-56BC-43BF-B3AB-449C2CE48C15}.Debug|Any CPU.ActiveCfg = Debug|Any CPU
		{5D6E0905-56BC-43BF-B3AB-449C2CE48C15}.Debug|Any CPU.Build.0 = Debug|Any CPU
		{5D6E0905-56BC-43BF-B3AB-449C2CE48C15}.Release|Any CPU.ActiveCfg = Release|Any CPU
		{5D6E0905-56BC-43BF-B3AB-449C2CE48C15}.Release|Any CPU.Build.0 = Release|Any CPU
		{7FC97347-CEFB-4F03-8B47-168F8EABCDBB}.Debug|Any CPU.ActiveCfg = Debug|Any CPU
		{7FC97347-CEFB-4F03-8B47-168F8EABCDBB}.Debug|Any CPU.Build.0 = Debug|Any CPU
		{7FC97347-CEFB-4F03-8B47-168F8EABCDBB}.Release|Any CPU.ActiveCfg = Release|Any CPU
		{7FC97347-CEFB-4F03-8B47-168F8EABCDBB}.Release|Any CPU.Build.0 = Release|Any CPU
	EndGlobalSection
	GlobalSection(SolutionProperties) = preSolution
		HideSolutionNode = FALSE
	EndGlobalSection
	GlobalSection(ExtensibilityGlobals) = postSolution
		SolutionGuid = {9B55E710-2973-4571-8A08-7FAB388BE287}
	EndGlobalSection
EndGlobal
